
Microsoft Visual Studio Solution File, Format Version 12.00
# Visual Studio 2013
VisualStudioVersion = 12.0.21005.1
MinimumVisualStudioVersion = 10.0.40219.1
Project("{FAE04EC0-301F-11D3-BF4B-00C04F79EFBC}") = "Enyim.Caching.Memcached", "Memcached\Enyim.Caching.Memcached.csproj", "{934F5E21-0A76-4EDD-A6DF-E66379FA2E4C}"
EndProject
Project("{FAE04EC0-301F-11D3-BF4B-00C04F79EFBC}") = "Enyim.Caching.NLog", "NLog\Enyim.Caching.NLog.csproj", "{D26418C0-BA05-4067-8F68-2493DA3E0E11}"
EndProject
Project("{2150E333-8FDC-42A3-9474-1A3956D46DE8}") = ".nuget", ".nuget", "{EB8F343F-A976-4839-90B6-7F7161F53C54}"
	ProjectSection(SolutionItems) = preProject
		.nuget\NuGet.Config = .nuget\NuGet.Config
		.nuget\NuGet.exe = .nuget\NuGet.exe
		.nuget\NuGet.targets = .nuget\NuGet.targets
	EndProjectSection
EndProject
Project("{FAE04EC0-301F-11D3-BF4B-00C04F79EFBC}") = "Caching", "Caching\Caching.csproj", "{B7258196-67ED-4135-B06F-F6F68C4176F4}"
EndProject
Project("{FAE04EC0-301F-11D3-BF4B-00C04F79EFBC}") = "Integrations.Funq", "Integrations\Funq\Integrations.Funq.csproj", "{6252275D-0A19-4BF1-A114-381264D8D6FD}"
EndProject
Project("{2150E333-8FDC-42A3-9474-1A3956D46DE8}") = "Integrations", "Integrations", "{046F6CFA-097C-4183-A2EB-12D64A88D3DB}"
EndProject
Global
	GlobalSection(SolutionConfigurationPlatforms) = preSolution
		Debug|Any CPU = Debug|Any CPU
		Release|Any CPU = Release|Any CPU
	EndGlobalSection
	GlobalSection(ProjectConfigurationPlatforms) = postSolution
		{934F5E21-0A76-4EDD-A6DF-E66379FA2E4C}.Debug|Any CPU.ActiveCfg = Debug|Any CPU
		{934F5E21-0A76-4EDD-A6DF-E66379FA2E4C}.Debug|Any CPU.Build.0 = Debug|Any CPU
		{934F5E21-0A76-4EDD-A6DF-E66379FA2E4C}.Release|Any CPU.ActiveCfg = Release|Any CPU
		{934F5E21-0A76-4EDD-A6DF-E66379FA2E4C}.Release|Any CPU.Build.0 = Release|Any CPU
		{D26418C0-BA05-4067-8F68-2493DA3E0E11}.Debug|Any CPU.ActiveCfg = Debug|Any CPU
		{D26418C0-BA05-4067-8F68-2493DA3E0E11}.Debug|Any CPU.Build.0 = Debug|Any CPU
		{D26418C0-BA05-4067-8F68-2493DA3E0E11}.Release|Any CPU.ActiveCfg = Release|Any CPU
		{D26418C0-BA05-4067-8F68-2493DA3E0E11}.Release|Any CPU.Build.0 = Release|Any CPU
		{B7258196-67ED-4135-B06F-F6F68C4176F4}.Debug|Any CPU.ActiveCfg = Debug|Any CPU
		{B7258196-67ED-4135-B06F-F6F68C4176F4}.Debug|Any CPU.Build.0 = Debug|Any CPU
		{B7258196-67ED-4135-B06F-F6F68C4176F4}.Release|Any CPU.ActiveCfg = Release|Any CPU
		{B7258196-67ED-4135-B06F-F6F68C4176F4}.Release|Any CPU.Build.0 = Release|Any CPU
		{6252275D-0A19-4BF1-A114-381264D8D6FD}.Debug|Any CPU.ActiveCfg = Debug|Any CPU
		{6252275D-0A19-4BF1-A114-381264D8D6FD}.Debug|Any CPU.Build.0 = Debug|Any CPU
		{6252275D-0A19-4BF1-A114-381264D8D6FD}.Release|Any CPU.ActiveCfg = Release|Any CPU
		{6252275D-0A19-4BF1-A114-381264D8D6FD}.Release|Any CPU.Build.0 = Release|Any CPU
	EndGlobalSection
	GlobalSection(SolutionProperties) = preSolution
		HideSolutionNode = FALSE
	EndGlobalSection
	GlobalSection(NestedProjects) = preSolution
		{6252275D-0A19-4BF1-A114-381264D8D6FD} = {046F6CFA-097C-4183-A2EB-12D64A88D3DB}
	EndGlobalSection
EndGlobal
